
Microsoft Visual Studio Solution File, Format Version 12.00
# Visual Studio Version 16
VisualStudioVersion = 16.0.31702.278
MinimumVisualStudioVersion = 10.0.40219.1
Project("{9A19103F-16F7-4668-BE54-9A1E7A4F7556}") = "01. Square Area", "01. Square Area\01. Square Area.csproj", "{27EF5019-3BC6-41C6-AE40-A7BBE841AD61}"
EndProject
Project("{9A19103F-16F7-4668-BE54-9A1E7A4F7556}") = "02. Inches to Centimeters", "02. Inches to Centimeters\02. Inches to Centimeters.csproj", "{8FD6EE62-B190-418B-9C75-70CE23CE8CFA}"
EndProject
Project("{9A19103F-16F7-4668-BE54-9A1E7A4F7556}") = "03. Trapeziod Area", "03. Trapeziod Area\03. Trapeziod Area.csproj", "{A5587B29-BAD0-41F0-96C1-6120DE1FD8CA}"
EndProject
Project("{9A19103F-16F7-4668-BE54-9A1E7A4F7556}") = "04. Circle Area and Perimeter", "04. Circle Area and Perimeter\04. Circle Area and Perimeter.csproj", "{6D208163-88EC-4FC3-9114-E40CF8DE84DE}"
EndProject
Project("{9A19103F-16F7-4668-BE54-9A1E7A4F7556}") = "05.2D Rectangle Area", "05.2D Rectangle Area\05.2D Rectangle Area.csproj", "{978F9423-E5C9-446D-A44F-C44E4C360337}"
EndProject
Project("{9A19103F-16F7-4668-BE54-9A1E7A4F7556}") = "06.Triangle Area", "06.Triangle Area\06.Triangle Area.csproj", "{311C5CA3-B2D3-4BF5-AB50-5C53C93FEBAD}"
EndProject
Project("{9A19103F-16F7-4668-BE54-9A1E7A4F7556}") = "07.Celsius to Fahrenheit", "07.Celsius to Fahrenheit\07.Celsius to Fahrenheit.csproj", "{7F1B0149-5B1B-47F7-8EB6-80A75A1FEDE4}"
EndProject
Project("{9A19103F-16F7-4668-BE54-9A1E7A4F7556}") = "08.Radians to Degrees", "08.Radians to Degrees\08.Radians to Degrees.csproj", "{3D29561B-F407-42D0-9A5A-2545FF30D8C8}"
EndProject
Project("{9A19103F-16F7-4668-BE54-9A1E7A4F7556}") = "09.USD to BGN", "09.USD to BGN\09.USD to BGN.csproj", "{D5500429-51DB-4730-A714-46FFCB459D9D}"
EndProject
Project("{9A19103F-16F7-4668-BE54-9A1E7A4F7556}") = "10.Currency Converter", "10.Currency Converter\10.Currency Converter.csproj", "{923D232D-D294-4707-8D97-DEB9491E3B70}"
EndProject
Project("{9A19103F-16F7-4668-BE54-9A1E7A4F7556}") = "11.Vegetable Market", "11.Vegetable Market\11.Vegetable Market.csproj", "{96B50346-E8A4-4A9E-B5EC-4566472E2C7B}"
EndProject
Project("{9A19103F-16F7-4668-BE54-9A1E7A4F7556}") = "12.Change Tiles", "12.Change Tiles\12.Change Tiles.csproj", "{2ACEB3AD-C367-4AD9-A253-8400E8AB6D2A}"
EndProject
Project("{9A19103F-16F7-4668-BE54-9A1E7A4F7556}") = "12.Money", "12.Money\12.Money.csproj", "{C625A8B9-E71E-455C-A123-6FA922CA010C}"
EndProject
Project("{9A19103F-16F7-4668-BE54-9A1E7A4F7556}") = "13.Daily Earnings", "13.Daily Earnings\13.Daily Earnings.csproj", "{515581EC-EB68-4F53-B9D9-09E63F35B918}"
EndProject
Project("{9A19103F-16F7-4668-BE54-9A1E7A4F7556}") = "14.Sum Seconds", "14.Sum Seconds\14.Sum Seconds.csproj", "{E20960E2-23D7-4382-A381-DAC00A2CA621}"
EndProject
Project("{9A19103F-16F7-4668-BE54-9A1E7A4F7556}") = "15.Metric Converter", "15.Metric Converter\15.Metric Converter.csproj", "{FCA68A9D-3F52-4C42-A6FC-BAA529F1F037}"
EndProject
Project("{9A19103F-16F7-4668-BE54-9A1E7A4F7556}") = "16.Password Guess", "16.Password Guess\16.Password Guess.csproj", "{9E1E60C4-6A4F-4950-9FAD-C11C186A0BFC}"
EndProject
Project("{9A19103F-16F7-4668-BE54-9A1E7A4F7556}") = "17.Number 100To200", "17.Number 100To200\17.Number 100To200.csproj", "{4D1632BC-13F0-4F75-8128-F77D5A1B7682}"
EndProject
Project("{9A19103F-16F7-4668-BE54-9A1E7A4F7556}") = "18.Speed Info", "18.Speed Info\18.Speed Info.csproj", "{67EA4BB9-141A-4ADE-8962-7A1A6F6096D9}"
EndProject
Project("{9A19103F-16F7-4668-BE54-9A1E7A4F7556}") = "19.Area of Figures", "18.Area of Figures\19.Area of Figures.csproj", "{186D3385-B0BF-45C8-9691-C65131B4A583}"
EndProject
Project("{9A19103F-16F7-4668-BE54-9A1E7A4F7556}") = "20.Add1000Days", "20.Add1000Days\20.Add1000Days.csproj", "{566AC788-DF26-44B7-B53D-D085C96978E0}"
EndProject
Project("{9A19103F-16F7-4668-BE54-9A1E7A4F7556}") = "21.Time + 15 Minutes", "21.Time + 15 Minutes\21.Time + 15 Minutes.csproj", "{5849BA85-EE37-47A3-8ECA-C840A215EDCD}"
EndProject
Project("{9A19103F-16F7-4668-BE54-9A1E7A4F7556}") = "22.3 Equal Numbers", "22.3 Equal Numbers\22.3 Equal Numbers.csproj", "{82D19B4C-77EE-4F81-9132-5E70FFFF9F6C}"
EndProject
Project("{9A19103F-16F7-4668-BE54-9A1E7A4F7556}") = "23.Number 0-100 to Text", "23.Number 0-100 to Text\23.Number 0-100 to Text.csproj", "{8713C292-CD45-4CC0-8D27-F5B1D80A1CE6}"
EndProject
Project("{9A19103F-16F7-4668-BE54-9A1E7A4F7556}") = "24.Pipes In Pool", "24.Pipes In Pool\24.Pipes In Pool.csproj", "{D6AE0AB8-FC44-4EDD-A125-92B5BDC885DC}"
EndProject
Project("{9A19103F-16F7-4668-BE54-9A1E7A4F7556}") = "25.Sleepy Tom Cat", "25.Sleepy Tom Cat\25.Sleepy Tom Cat.csproj", "{D50087E3-81CA-4EB8-9ED4-B5A57A9A5982}"
EndProject
Project("{9A19103F-16F7-4668-BE54-9A1E7A4F7556}") = "26.Harvest", "26.Harvest\26.Harvest.csproj", "{EC31C0C4-7DA1-41DB-808E-0D416E3724B9}"
EndProject
Project("{9A19103F-16F7-4668-BE54-9A1E7A4F7556}") = "27.Firm", "27.Firm\27.Firm.csproj", "{71981C22-6FF3-4C5A-BD3A-C2B33BF7E799}"
EndProject
Project("{9A19103F-16F7-4668-BE54-9A1E7A4F7556}") = "28.Personal Titles", "28.Personal Titles\28.Personal Titles.csproj", "{ECCC25A8-E5D3-4DB9-A391-58D86C675286}"
EndProject
Project("{9A19103F-16F7-4668-BE54-9A1E7A4F7556}") = "29.Small Shop", "29.Small Shop\29.Small Shop.csproj", "{237A60CF-4141-482B-A46B-67DBD3F41468}"
EndProject
Project("{9A19103F-16F7-4668-BE54-9A1E7A4F7556}") = "30.Point in Rectangle", "30.Point in Rectangle\30.Point in Rectangle.csproj", "{7AA9F3AB-124B-4C8D-A529-4F317BFCD587}"
EndProject
Project("{9A19103F-16F7-4668-BE54-9A1E7A4F7556}") = "31.Cinema", "31.Fruit or Vegetable\31.Cinema.csproj", "{A39BA514-E1C5-4002-AB47-B46DA9198C87}"
EndProject
Project("{9A19103F-16F7-4668-BE54-9A1E7A4F7556}") = "32.Volleyball", "32.Volleyball\32.Volleyball.csproj", "{8DE3526E-6E02-43EE-A12D-FD8DEA6FC3DC}"
EndProject
Project("{9A19103F-16F7-4668-BE54-9A1E7A4F7556}") = "33.Point in the Figure", "33.Point in the Figure\33.Point in the Figure.csproj", "{CC0052CD-F790-47E5-8FA6-8CFCA3056A8B}"
EndProject
Project("{9A19103F-16F7-4668-BE54-9A1E7A4F7556}") = "34.On Time for the Exam", "34.On Time for the Exam\34.On Time for the Exam.csproj", "{E2F49BB9-ED3E-4783-8AAB-9B6769017747}"
EndProject
Project("{9A19103F-16F7-4668-BE54-9A1E7A4F7556}") = "35.Trip", "35.Trip\35.Trip.csproj", "{FB2D5DC2-0120-4961-9B97-179D76A09B79}"
EndProject
Project("{9A19103F-16F7-4668-BE54-9A1E7A4F7556}") = "36.Operations", "36.Operations\36.Operations.csproj", "{64B818C5-277E-4AAC-B1A8-81E689D1DEBE}"
EndProject
Project("{9A19103F-16F7-4668-BE54-9A1E7A4F7556}") = "37.Match Tickets", "37.Match Tickets\37.Match Tickets.csproj", "{3C9BD1C3-A188-4DC7-9519-B1D98F660018}"
EndProject
Project("{9A19103F-16F7-4668-BE54-9A1E7A4F7556}") = "38.Hotel Room", "38.Hotel Room\38.Hotel Room.csproj", "{82E2931E-39D9-49EF-92A9-28A831B85F1A}"
EndProject
Project("{9A19103F-16F7-4668-BE54-9A1E7A4F7556}") = "39.Numbers from 1 to 100", "38.Numbers from 1 to 100\39.Numbers from 1 to 100.csproj", "{CAF9F3B5-4413-400A-8D2B-9B053475C1EE}"
EndProject
Project("{9A19103F-16F7-4668-BE54-9A1E7A4F7556}") = "40.Odd Even Sum", "40.Odd Even Sum\40.Odd Even Sum.csproj", "{181747D9-D6FF-40E5-9268-8CB70FD86242}"
EndProject
Project("{9A19103F-16F7-4668-BE54-9A1E7A4F7556}") = "41.Vowels Sum", "41.Vowels Sum\41.Vowels Sum.csproj", "{82B8F6EC-B5D4-45A6-9388-9E0AC671A0CE}"
EndProject
Project("{9A19103F-16F7-4668-BE54-9A1E7A4F7556}") = "42.Half Sum Element", "42.Half Sum Element\42.Half Sum Element.csproj", "{B4B2B145-E312-400A-B400-8928707A005B}"
EndProject
Project("{9A19103F-16F7-4668-BE54-9A1E7A4F7556}") = "43.Odd - Even Position", "43.Odd - Even Position\43.Odd - Even Position.csproj", "{35877D4E-EA65-4639-A90E-016C4C2D6A83}"
EndProject
Project("{9A19103F-16F7-4668-BE54-9A1E7A4F7556}") = "44.Equal Pairs", "44.Equal Pairs\44.Equal Pairs.csproj", "{1156EF2E-BC9A-40D9-9F13-8CFD3CBF8795}"
EndProject
Project("{9A19103F-16F7-4668-BE54-9A1E7A4F7556}") = "45.Histogram", "45.Histogram\45.Histogram.csproj", "{A5D340E7-C99F-4BB3-83FE-F8E57E069301}"
EndProject
Project("{9A19103F-16F7-4668-BE54-9A1E7A4F7556}") = "46.Smart Lilly", "46.Smart Lilly\46.Smart Lilly.csproj", "{F587672F-F826-43DC-B519-096141C94B72}"
EndProject
Project("{9A19103F-16F7-4668-BE54-9A1E7A4F7556}") = "47.Back To The Past", "47.Back To The Past\47.Back To The Past.csproj", "{41664416-3887-448F-9A27-7CFFB8720124}"
EndProject
Project("{9A19103F-16F7-4668-BE54-9A1E7A4F7556}") = "48.Hospital", "48.Hospital\48.Hospital.csproj", "{A7423280-08B6-4CED-8228-EC3B0E93D419}"
EndProject
Project("{9A19103F-16F7-4668-BE54-9A1E7A4F7556}") = "49.Division", "49.Division\49.Division.csproj", "{9FF3F23B-191B-4FB0-85FF-22D39E565228}"
EndProject
Project("{9A19103F-16F7-4668-BE54-9A1E7A4F7556}") = "50. Logistics", "50. Logistics\50. Logistics.csproj", "{75745E62-BA09-4D90-BFBD-53A2C5FBFF17}"
EndProject
Project("{9A19103F-16F7-4668-BE54-9A1E7A4F7556}") = "51.Rectangle of 10 x 10 Stars", "51.Rectangle of 10 x 10 Stars\51.Rectangle of 10 x 10 Stars.csproj", "{2FA55160-26E0-4B1D-BFF9-285C8F4E0EAB}"
EndProject
Project("{FAE04EC0-301F-11D3-BF4B-00C04F79EFBC}") = "52.Rectangle of N x N Stars", "52.Rectangle of N x N Stars\52.Rectangle of N x N Stars.csproj", "{A9BD2D5A-2202-4E5F-A1CD-AA0BC5B4A6A0}"
EndProject
Project("{FAE04EC0-301F-11D3-BF4B-00C04F79EFBC}") = "53.Square of Stars", "53.Square of Stars\53.Square of Stars.csproj", "{50E1EC76-53FF-4D0E-88A3-2EE225E9BE4E}"
EndProject
Project("{FAE04EC0-301F-11D3-BF4B-00C04F79EFBC}") = "54.Triangle of Dollars", "54.Triangle of Dollars\54.Triangle of Dollars.csproj", "{591AB76C-3C32-4D63-B2E6-1BECAE6A26AC}"
EndProject
Project("{FAE04EC0-301F-11D3-BF4B-00C04F79EFBC}") = "56.Square Frame", "56.Square Frame\56.Square Frame.csproj", "{9BA6897E-7E34-4E5F-8EE5-E614134B0A03}"
EndProject
Project("{FAE04EC0-301F-11D3-BF4B-00C04F79EFBC}") = "57.Rhombus of Stars", "57.Rhombus of Stars\57.Rhombus of Stars.csproj", "{6B4FF1CB-BD26-4131-9E8C-0E7C6B09BB18}"
EndProject
Project("{FAE04EC0-301F-11D3-BF4B-00C04F79EFBC}") = "58.Christmas Tree", "58.Christmas Tree\58.Christmas Tree.csproj", "{6BC7077B-63E6-4709-9756-AD9DDE3DB14C}"
EndProject
Project("{FAE04EC0-301F-11D3-BF4B-00C04F79EFBC}") = "59.Numbers 1-N with Step 3", "59.Numbers 1-N with Step 3\59.Numbers 1-N with Step 3.csproj", "{9528FE91-9E03-4207-94B7-993FC3A2998C}"
EndProject
Project("{FAE04EC0-301F-11D3-BF4B-00C04F79EFBC}") = "60.Powers of Two", "60.Powers of Two\60.Powers of Two.csproj", "{0449396A-AF3A-40F4-BFAE-689CD7AD0015}"
EndProject
Project("{FAE04EC0-301F-11D3-BF4B-00C04F79EFBC}") = "61.Even Powers of 2", "61.Even Powers of 2\61.Even Powers of 2.csproj", "{9579779F-D213-4C85-ADC3-5CA5269B3A7A}"
EndProject
Project("{FAE04EC0-301F-11D3-BF4B-00C04F79EFBC}") = "62.Sequence 2k+1", "62.Sequence 2k+1\62.Sequence 2k+1.csproj", "{58CFDF33-C3D5-4740-A16E-21066FEB62CD}"
EndProject
Project("{FAE04EC0-301F-11D3-BF4B-00C04F79EFBC}") = "63.Number in Range [1-100]", "63.Number in Range [1-100]\63.Number in Range [1-100].csproj", "{53831F8C-3DC6-43AD-8D47-ABEE0D0B85B9}"
EndProject
Project("{FAE04EC0-301F-11D3-BF4B-00C04F79EFBC}") = "64.Greatest Common Divisor (CGD)", "64.Greatest Common Divisor (CGD)\64.Greatest Common Divisor (CGD).csproj", "{425B35B2-8B38-4C45-A434-592E880592CC}"
EndProject
Project("{FAE04EC0-301F-11D3-BF4B-00C04F79EFBC}") = "65.Factorial", "65.Factorial\65.Factorial.csproj", "{94699064-0C93-489B-A630-DB1B08D5CA09}"
EndProject
Project("{FAE04EC0-301F-11D3-BF4B-00C04F79EFBC}") = "66.Check Prime", "66.Check Prime\66.Check Prime.csproj", "{D5F6D3BC-FB24-4D02-ABD8-BC9F71A952F6}"
EndProject
Project("{FAE04EC0-301F-11D3-BF4B-00C04F79EFBC}") = "67.Enter Even Number", "67.Enter Even Number\67.Enter Even Number.csproj", "{D882E904-026F-46E0-9FBB-785F8D2CAD78}"
EndProject
Project("{FAE04EC0-301F-11D3-BF4B-00C04F79EFBC}") = "68.Number Table", "68.Break Sum\68.Number Table.csproj", "{B78DEF96-DF69-40B6-B988-56351156C087}"
EndProject
Project("{FAE04EC0-301F-11D3-BF4B-00C04F79EFBC}") = "69.Stupid Password Generator", "69.Stupid Password Generator\69.Stupid Password Generator.csproj", "{4C7B66D9-5856-4571-A41E-B59B17E2DFDB}"
EndProject
Project("{FAE04EC0-301F-11D3-BF4B-00C04F79EFBC}") = "70.Magic Combination", "70.Magic Combination\70.Magic Combination.csproj", "{57EFAF83-1583-4A53-B420-6AB78A9BDDA9}"
EndProject
Project("{FAE04EC0-301F-11D3-BF4B-00C04F79EFBC}") = "71. Stop Number", "71. Stop Number\71. Stop Number.csproj", "{60429089-6297-4DFF-8677-5A9CF530F38F}"
EndProject
Project("{FAE04EC0-301F-11D3-BF4B-00C04F79EFBC}") = "72.Special Numbers", "72.Special Numbers\72.Special Numbers.csproj", "{00372D65-BE85-4ABF-8566-B4CAD8F5699A}"
EndProject
Project("{FAE04EC0-301F-11D3-BF4B-00C04F79EFBC}") = "73.Digits", "73.Digits\73.Digits.csproj", "{D4C57EF7-6F9A-4DE4-99C6-7B0819C11550}"
EndProject
Global
	GlobalSection(SolutionConfigurationPlatforms) = preSolution
		Debug|Any CPU = Debug|Any CPU
		Release|Any CPU = Release|Any CPU
	EndGlobalSection
	GlobalSection(ProjectConfigurationPlatforms) = postSolution
		{27EF5019-3BC6-41C6-AE40-A7BBE841AD61}.Debug|Any CPU.ActiveCfg = Debug|Any CPU
		{27EF5019-3BC6-41C6-AE40-A7BBE841AD61}.Debug|Any CPU.Build.0 = Debug|Any CPU
		{27EF5019-3BC6-41C6-AE40-A7BBE841AD61}.Release|Any CPU.ActiveCfg = Release|Any CPU
		{27EF5019-3BC6-41C6-AE40-A7BBE841AD61}.Release|Any CPU.Build.0 = Release|Any CPU
		{8FD6EE62-B190-418B-9C75-70CE23CE8CFA}.Debug|Any CPU.ActiveCfg = Debug|Any CPU
		{8FD6EE62-B190-418B-9C75-70CE23CE8CFA}.Debug|Any CPU.Build.0 = Debug|Any CPU
		{8FD6EE62-B190-418B-9C75-70CE23CE8CFA}.Release|Any CPU.ActiveCfg = Release|Any CPU
		{8FD6EE62-B190-418B-9C75-70CE23CE8CFA}.Release|Any CPU.Build.0 = Release|Any CPU
		{A5587B29-BAD0-41F0-96C1-6120DE1FD8CA}.Debug|Any CPU.ActiveCfg = Debug|Any CPU
		{A5587B29-BAD0-41F0-96C1-6120DE1FD8CA}.Debug|Any CPU.Build.0 = Debug|Any CPU
		{A5587B29-BAD0-41F0-96C1-6120DE1FD8CA}.Release|Any CPU.ActiveCfg = Release|Any CPU
		{A5587B29-BAD0-41F0-96C1-6120DE1FD8CA}.Release|Any CPU.Build.0 = Release|Any CPU
		{6D208163-88EC-4FC3-9114-E40CF8DE84DE}.Debug|Any CPU.ActiveCfg = Debug|Any CPU
		{6D208163-88EC-4FC3-9114-E40CF8DE84DE}.Debug|Any CPU.Build.0 = Debug|Any CPU
		{6D208163-88EC-4FC3-9114-E40CF8DE84DE}.Release|Any CPU.ActiveCfg = Release|Any CPU
		{6D208163-88EC-4FC3-9114-E40CF8DE84DE}.Release|Any CPU.Build.0 = Release|Any CPU
		{978F9423-E5C9-446D-A44F-C44E4C360337}.Debug|Any CPU.ActiveCfg = Debug|Any CPU
		{978F9423-E5C9-446D-A44F-C44E4C360337}.Debug|Any CPU.Build.0 = Debug|Any CPU
		{978F9423-E5C9-446D-A44F-C44E4C360337}.Release|Any CPU.ActiveCfg = Release|Any CPU
		{978F9423-E5C9-446D-A44F-C44E4C360337}.Release|Any CPU.Build.0 = Release|Any CPU
		{311C5CA3-B2D3-4BF5-AB50-5C53C93FEBAD}.Debug|Any CPU.ActiveCfg = Debug|Any CPU
		{311C5CA3-B2D3-4BF5-AB50-5C53C93FEBAD}.Debug|Any CPU.Build.0 = Debug|Any CPU
		{311C5CA3-B2D3-4BF5-AB50-5C53C93FEBAD}.Release|Any CPU.ActiveCfg = Release|Any CPU
		{311C5CA3-B2D3-4BF5-AB50-5C53C93FEBAD}.Release|Any CPU.Build.0 = Release|Any CPU
		{7F1B0149-5B1B-47F7-8EB6-80A75A1FEDE4}.Debug|Any CPU.ActiveCfg = Debug|Any CPU
		{7F1B0149-5B1B-47F7-8EB6-80A75A1FEDE4}.Debug|Any CPU.Build.0 = Debug|Any CPU
		{7F1B0149-5B1B-47F7-8EB6-80A75A1FEDE4}.Release|Any CPU.ActiveCfg = Release|Any CPU
		{7F1B0149-5B1B-47F7-8EB6-80A75A1FEDE4}.Release|Any CPU.Build.0 = Release|Any CPU
		{3D29561B-F407-42D0-9A5A-2545FF30D8C8}.Debug|Any CPU.ActiveCfg = Debug|Any CPU
		{3D29561B-F407-42D0-9A5A-2545FF30D8C8}.Debug|Any CPU.Build.0 = Debug|Any CPU
		{3D29561B-F407-42D0-9A5A-2545FF30D8C8}.Release|Any CPU.ActiveCfg = Release|Any CPU
		{3D29561B-F407-42D0-9A5A-2545FF30D8C8}.Release|Any CPU.Build.0 = Release|Any CPU
		{D5500429-51DB-4730-A714-46FFCB459D9D}.Debug|Any CPU.ActiveCfg = Debug|Any CPU
		{D5500429-51DB-4730-A714-46FFCB459D9D}.Debug|Any CPU.Build.0 = Debug|Any CPU
		{D5500429-51DB-4730-A714-46FFCB459D9D}.Release|Any CPU.ActiveCfg = Release|Any CPU
		{D5500429-51DB-4730-A714-46FFCB459D9D}.Release|Any CPU.Build.0 = Release|Any CPU
		{923D232D-D294-4707-8D97-DEB9491E3B70}.Debug|Any CPU.ActiveCfg = Debug|Any CPU
		{923D232D-D294-4707-8D97-DEB9491E3B70}.Debug|Any CPU.Build.0 = Debug|Any CPU
		{923D232D-D294-4707-8D97-DEB9491E3B70}.Release|Any CPU.ActiveCfg = Release|Any CPU
		{923D232D-D294-4707-8D97-DEB9491E3B70}.Release|Any CPU.Build.0 = Release|Any CPU
		{96B50346-E8A4-4A9E-B5EC-4566472E2C7B}.Debug|Any CPU.ActiveCfg = Debug|Any CPU
		{96B50346-E8A4-4A9E-B5EC-4566472E2C7B}.Debug|Any CPU.Build.0 = Debug|Any CPU
		{96B50346-E8A4-4A9E-B5EC-4566472E2C7B}.Release|Any CPU.ActiveCfg = Release|Any CPU
		{96B50346-E8A4-4A9E-B5EC-4566472E2C7B}.Release|Any CPU.Build.0 = Release|Any CPU
		{2ACEB3AD-C367-4AD9-A253-8400E8AB6D2A}.Debug|Any CPU.ActiveCfg = Debug|Any CPU
		{2ACEB3AD-C367-4AD9-A253-8400E8AB6D2A}.Debug|Any CPU.Build.0 = Debug|Any CPU
		{2ACEB3AD-C367-4AD9-A253-8400E8AB6D2A}.Release|Any CPU.ActiveCfg = Release|Any CPU
		{2ACEB3AD-C367-4AD9-A253-8400E8AB6D2A}.Release|Any CPU.Build.0 = Release|Any CPU
		{C625A8B9-E71E-455C-A123-6FA922CA010C}.Debug|Any CPU.ActiveCfg = Debug|Any CPU
		{C625A8B9-E71E-455C-A123-6FA922CA010C}.Debug|Any CPU.Build.0 = Debug|Any CPU
		{C625A8B9-E71E-455C-A123-6FA922CA010C}.Release|Any CPU.ActiveCfg = Release|Any CPU
		{C625A8B9-E71E-455C-A123-6FA922CA010C}.Release|Any CPU.Build.0 = Release|Any CPU
		{515581EC-EB68-4F53-B9D9-09E63F35B918}.Debug|Any CPU.ActiveCfg = Debug|Any CPU
		{515581EC-EB68-4F53-B9D9-09E63F35B918}.Debug|Any CPU.Build.0 = Debug|Any CPU
		{515581EC-EB68-4F53-B9D9-09E63F35B918}.Release|Any CPU.ActiveCfg = Release|Any CPU
		{515581EC-EB68-4F53-B9D9-09E63F35B918}.Release|Any CPU.Build.0 = Release|Any CPU
		{E20960E2-23D7-4382-A381-DAC00A2CA621}.Debug|Any CPU.ActiveCfg = Debug|Any CPU
		{E20960E2-23D7-4382-A381-DAC00A2CA621}.Debug|Any CPU.Build.0 = Debug|Any CPU
		{E20960E2-23D7-4382-A381-DAC00A2CA621}.Release|Any CPU.ActiveCfg = Release|Any CPU
		{E20960E2-23D7-4382-A381-DAC00A2CA621}.Release|Any CPU.Build.0 = Release|Any CPU
		{FCA68A9D-3F52-4C42-A6FC-BAA529F1F037}.Debug|Any CPU.ActiveCfg = Debug|Any CPU
		{FCA68A9D-3F52-4C42-A6FC-BAA529F1F037}.Debug|Any CPU.Build.0 = Debug|Any CPU
		{FCA68A9D-3F52-4C42-A6FC-BAA529F1F037}.Release|Any CPU.ActiveCfg = Release|Any CPU
		{FCA68A9D-3F52-4C42-A6FC-BAA529F1F037}.Release|Any CPU.Build.0 = Release|Any CPU
		{9E1E60C4-6A4F-4950-9FAD-C11C186A0BFC}.Debug|Any CPU.ActiveCfg = Debug|Any CPU
		{9E1E60C4-6A4F-4950-9FAD-C11C186A0BFC}.Debug|Any CPU.Build.0 = Debug|Any CPU
		{9E1E60C4-6A4F-4950-9FAD-C11C186A0BFC}.Release|Any CPU.ActiveCfg = Release|Any CPU
		{9E1E60C4-6A4F-4950-9FAD-C11C186A0BFC}.Release|Any CPU.Build.0 = Release|Any CPU
		{4D1632BC-13F0-4F75-8128-F77D5A1B7682}.Debug|Any CPU.ActiveCfg = Debug|Any CPU
		{4D1632BC-13F0-4F75-8128-F77D5A1B7682}.Debug|Any CPU.Build.0 = Debug|Any CPU
		{4D1632BC-13F0-4F75-8128-F77D5A1B7682}.Release|Any CPU.ActiveCfg = Release|Any CPU
		{4D1632BC-13F0-4F75-8128-F77D5A1B7682}.Release|Any CPU.Build.0 = Release|Any CPU
		{67EA4BB9-141A-4ADE-8962-7A1A6F6096D9}.Debug|Any CPU.ActiveCfg = Debug|Any CPU
		{67EA4BB9-141A-4ADE-8962-7A1A6F6096D9}.Debug|Any CPU.Build.0 = Debug|Any CPU
		{67EA4BB9-141A-4ADE-8962-7A1A6F6096D9}.Release|Any CPU.ActiveCfg = Release|Any CPU
		{67EA4BB9-141A-4ADE-8962-7A1A6F6096D9}.Release|Any CPU.Build.0 = Release|Any CPU
		{186D3385-B0BF-45C8-9691-C65131B4A583}.Debug|Any CPU.ActiveCfg = Debug|Any CPU
		{186D3385-B0BF-45C8-9691-C65131B4A583}.Debug|Any CPU.Build.0 = Debug|Any CPU
		{186D3385-B0BF-45C8-9691-C65131B4A583}.Release|Any CPU.ActiveCfg = Release|Any CPU
		{186D3385-B0BF-45C8-9691-C65131B4A583}.Release|Any CPU.Build.0 = Release|Any CPU
		{566AC788-DF26-44B7-B53D-D085C96978E0}.Debug|Any CPU.ActiveCfg = Debug|Any CPU
		{566AC788-DF26-44B7-B53D-D085C96978E0}.Debug|Any CPU.Build.0 = Debug|Any CPU
		{566AC788-DF26-44B7-B53D-D085C96978E0}.Release|Any CPU.ActiveCfg = Release|Any CPU
		{566AC788-DF26-44B7-B53D-D085C96978E0}.Release|Any CPU.Build.0 = Release|Any CPU
		{5849BA85-EE37-47A3-8ECA-C840A215EDCD}.Debug|Any CPU.ActiveCfg = Debug|Any CPU
		{5849BA85-EE37-47A3-8ECA-C840A215EDCD}.Debug|Any CPU.Build.0 = Debug|Any CPU
		{5849BA85-EE37-47A3-8ECA-C840A215EDCD}.Release|Any CPU.ActiveCfg = Release|Any CPU
		{5849BA85-EE37-47A3-8ECA-C840A215EDCD}.Release|Any CPU.Build.0 = Release|Any CPU
		{82D19B4C-77EE-4F81-9132-5E70FFFF9F6C}.Debug|Any CPU.ActiveCfg = Debug|Any CPU
		{82D19B4C-77EE-4F81-9132-5E70FFFF9F6C}.Debug|Any CPU.Build.0 = Debug|Any CPU
		{82D19B4C-77EE-4F81-9132-5E70FFFF9F6C}.Release|Any CPU.ActiveCfg = Release|Any CPU
		{82D19B4C-77EE-4F81-9132-5E70FFFF9F6C}.Release|Any CPU.Build.0 = Release|Any CPU
		{8713C292-CD45-4CC0-8D27-F5B1D80A1CE6}.Debug|Any CPU.ActiveCfg = Debug|Any CPU
		{8713C292-CD45-4CC0-8D27-F5B1D80A1CE6}.Debug|Any CPU.Build.0 = Debug|Any CPU
		{8713C292-CD45-4CC0-8D27-F5B1D80A1CE6}.Release|Any CPU.ActiveCfg = Release|Any CPU
		{8713C292-CD45-4CC0-8D27-F5B1D80A1CE6}.Release|Any CPU.Build.0 = Release|Any CPU
		{D6AE0AB8-FC44-4EDD-A125-92B5BDC885DC}.Debug|Any CPU.ActiveCfg = Debug|Any CPU
		{D6AE0AB8-FC44-4EDD-A125-92B5BDC885DC}.Debug|Any CPU.Build.0 = Debug|Any CPU
		{D6AE0AB8-FC44-4EDD-A125-92B5BDC885DC}.Release|Any CPU.ActiveCfg = Release|Any CPU
		{D6AE0AB8-FC44-4EDD-A125-92B5BDC885DC}.Release|Any CPU.Build.0 = Release|Any CPU
		{D50087E3-81CA-4EB8-9ED4-B5A57A9A5982}.Debug|Any CPU.ActiveCfg = Debug|Any CPU
		{D50087E3-81CA-4EB8-9ED4-B5A57A9A5982}.Debug|Any CPU.Build.0 = Debug|Any CPU
		{D50087E3-81CA-4EB8-9ED4-B5A57A9A5982}.Release|Any CPU.ActiveCfg = Release|Any CPU
		{D50087E3-81CA-4EB8-9ED4-B5A57A9A5982}.Release|Any CPU.Build.0 = Release|Any CPU
		{EC31C0C4-7DA1-41DB-808E-0D416E3724B9}.Debug|Any CPU.ActiveCfg = Debug|Any CPU
		{EC31C0C4-7DA1-41DB-808E-0D416E3724B9}.Debug|Any CPU.Build.0 = Debug|Any CPU
		{EC31C0C4-7DA1-41DB-808E-0D416E3724B9}.Release|Any CPU.ActiveCfg = Release|Any CPU
		{EC31C0C4-7DA1-41DB-808E-0D416E3724B9}.Release|Any CPU.Build.0 = Release|Any CPU
		{71981C22-6FF3-4C5A-BD3A-C2B33BF7E799}.Debug|Any CPU.ActiveCfg = Debug|Any CPU
		{71981C22-6FF3-4C5A-BD3A-C2B33BF7E799}.Debug|Any CPU.Build.0 = Debug|Any CPU
		{71981C22-6FF3-4C5A-BD3A-C2B33BF7E799}.Release|Any CPU.ActiveCfg = Release|Any CPU
		{71981C22-6FF3-4C5A-BD3A-C2B33BF7E799}.Release|Any CPU.Build.0 = Release|Any CPU
		{ECCC25A8-E5D3-4DB9-A391-58D86C675286}.Debug|Any CPU.ActiveCfg = Debug|Any CPU
		{ECCC25A8-E5D3-4DB9-A391-58D86C675286}.Debug|Any CPU.Build.0 = Debug|Any CPU
		{ECCC25A8-E5D3-4DB9-A391-58D86C675286}.Release|Any CPU.ActiveCfg = Release|Any CPU
		{ECCC25A8-E5D3-4DB9-A391-58D86C675286}.Release|Any CPU.Build.0 = Release|Any CPU
		{237A60CF-4141-482B-A46B-67DBD3F41468}.Debug|Any CPU.ActiveCfg = Debug|Any CPU
		{237A60CF-4141-482B-A46B-67DBD3F41468}.Debug|Any CPU.Build.0 = Debug|Any CPU
		{237A60CF-4141-482B-A46B-67DBD3F41468}.Release|Any CPU.ActiveCfg = Release|Any CPU
		{237A60CF-4141-482B-A46B-67DBD3F41468}.Release|Any CPU.Build.0 = Release|Any CPU
		{7AA9F3AB-124B-4C8D-A529-4F317BFCD587}.Debug|Any CPU.ActiveCfg = Debug|Any CPU
		{7AA9F3AB-124B-4C8D-A529-4F317BFCD587}.Debug|Any CPU.Build.0 = Debug|Any CPU
		{7AA9F3AB-124B-4C8D-A529-4F317BFCD587}.Release|Any CPU.ActiveCfg = Release|Any CPU
		{7AA9F3AB-124B-4C8D-A529-4F317BFCD587}.Release|Any CPU.Build.0 = Release|Any CPU
		{A39BA514-E1C5-4002-AB47-B46DA9198C87}.Debug|Any CPU.ActiveCfg = Debug|Any CPU
		{A39BA514-E1C5-4002-AB47-B46DA9198C87}.Debug|Any CPU.Build.0 = Debug|Any CPU
		{A39BA514-E1C5-4002-AB47-B46DA9198C87}.Release|Any CPU.ActiveCfg = Release|Any CPU
		{A39BA514-E1C5-4002-AB47-B46DA9198C87}.Release|Any CPU.Build.0 = Release|Any CPU
		{8DE3526E-6E02-43EE-A12D-FD8DEA6FC3DC}.Debug|Any CPU.ActiveCfg = Debug|Any CPU
		{8DE3526E-6E02-43EE-A12D-FD8DEA6FC3DC}.Debug|Any CPU.Build.0 = Debug|Any CPU
		{8DE3526E-6E02-43EE-A12D-FD8DEA6FC3DC}.Release|Any CPU.ActiveCfg = Release|Any CPU
		{8DE3526E-6E02-43EE-A12D-FD8DEA6FC3DC}.Release|Any CPU.Build.0 = Release|Any CPU
		{CC0052CD-F790-47E5-8FA6-8CFCA3056A8B}.Debug|Any CPU.ActiveCfg = Debug|Any CPU
		{CC0052CD-F790-47E5-8FA6-8CFCA3056A8B}.Debug|Any CPU.Build.0 = Debug|Any CPU
		{CC0052CD-F790-47E5-8FA6-8CFCA3056A8B}.Release|Any CPU.ActiveCfg = Release|Any CPU
		{CC0052CD-F790-47E5-8FA6-8CFCA3056A8B}.Release|Any CPU.Build.0 = Release|Any CPU
		{E2F49BB9-ED3E-4783-8AAB-9B6769017747}.Debug|Any CPU.ActiveCfg = Debug|Any CPU
		{E2F49BB9-ED3E-4783-8AAB-9B6769017747}.Debug|Any CPU.Build.0 = Debug|Any CPU
		{E2F49BB9-ED3E-4783-8AAB-9B6769017747}.Release|Any CPU.ActiveCfg = Release|Any CPU
		{E2F49BB9-ED3E-4783-8AAB-9B6769017747}.Release|Any CPU.Build.0 = Release|Any CPU
		{FB2D5DC2-0120-4961-9B97-179D76A09B79}.Debug|Any CPU.ActiveCfg = Debug|Any CPU
		{FB2D5DC2-0120-4961-9B97-179D76A09B79}.Debug|Any CPU.Build.0 = Debug|Any CPU
		{FB2D5DC2-0120-4961-9B97-179D76A09B79}.Release|Any CPU.ActiveCfg = Release|Any CPU
		{FB2D5DC2-0120-4961-9B97-179D76A09B79}.Release|Any CPU.Build.0 = Release|Any CPU
		{64B818C5-277E-4AAC-B1A8-81E689D1DEBE}.Debug|Any CPU.ActiveCfg = Debug|Any CPU
		{64B818C5-277E-4AAC-B1A8-81E689D1DEBE}.Debug|Any CPU.Build.0 = Debug|Any CPU
		{64B818C5-277E-4AAC-B1A8-81E689D1DEBE}.Release|Any CPU.ActiveCfg = Release|Any CPU
		{64B818C5-277E-4AAC-B1A8-81E689D1DEBE}.Release|Any CPU.Build.0 = Release|Any CPU
		{3C9BD1C3-A188-4DC7-9519-B1D98F660018}.Debug|Any CPU.ActiveCfg = Debug|Any CPU
		{3C9BD1C3-A188-4DC7-9519-B1D98F660018}.Debug|Any CPU.Build.0 = Debug|Any CPU
		{3C9BD1C3-A188-4DC7-9519-B1D98F660018}.Release|Any CPU.ActiveCfg = Release|Any CPU
		{3C9BD1C3-A188-4DC7-9519-B1D98F660018}.Release|Any CPU.Build.0 = Release|Any CPU
		{82E2931E-39D9-49EF-92A9-28A831B85F1A}.Debug|Any CPU.ActiveCfg = Debug|Any CPU
		{82E2931E-39D9-49EF-92A9-28A831B85F1A}.Debug|Any CPU.Build.0 = Debug|Any CPU
		{82E2931E-39D9-49EF-92A9-28A831B85F1A}.Release|Any CPU.ActiveCfg = Release|Any CPU
		{82E2931E-39D9-49EF-92A9-28A831B85F1A}.Release|Any CPU.Build.0 = Release|Any CPU
		{CAF9F3B5-4413-400A-8D2B-9B053475C1EE}.Debug|Any CPU.ActiveCfg = Debug|Any CPU
		{CAF9F3B5-4413-400A-8D2B-9B053475C1EE}.Debug|Any CPU.Build.0 = Debug|Any CPU
		{CAF9F3B5-4413-400A-8D2B-9B053475C1EE}.Release|Any CPU.ActiveCfg = Release|Any CPU
		{CAF9F3B5-4413-400A-8D2B-9B053475C1EE}.Release|Any CPU.Build.0 = Release|Any CPU
		{181747D9-D6FF-40E5-9268-8CB70FD86242}.Debug|Any CPU.ActiveCfg = Debug|Any CPU
		{181747D9-D6FF-40E5-9268-8CB70FD86242}.Debug|Any CPU.Build.0 = Debug|Any CPU
		{181747D9-D6FF-40E5-9268-8CB70FD86242}.Release|Any CPU.ActiveCfg = Release|Any CPU
		{181747D9-D6FF-40E5-9268-8CB70FD86242}.Release|Any CPU.Build.0 = Release|Any CPU
		{82B8F6EC-B5D4-45A6-9388-9E0AC671A0CE}.Debug|Any CPU.ActiveCfg = Debug|Any CPU
		{82B8F6EC-B5D4-45A6-9388-9E0AC671A0CE}.Debug|Any CPU.Build.0 = Debug|Any CPU
		{82B8F6EC-B5D4-45A6-9388-9E0AC671A0CE}.Release|Any CPU.ActiveCfg = Release|Any CPU
		{82B8F6EC-B5D4-45A6-9388-9E0AC671A0CE}.Release|Any CPU.Build.0 = Release|Any CPU
		{B4B2B145-E312-400A-B400-8928707A005B}.Debug|Any CPU.ActiveCfg = Debug|Any CPU
		{B4B2B145-E312-400A-B400-8928707A005B}.Debug|Any CPU.Build.0 = Debug|Any CPU
		{B4B2B145-E312-400A-B400-8928707A005B}.Release|Any CPU.ActiveCfg = Release|Any CPU
		{B4B2B145-E312-400A-B400-8928707A005B}.Release|Any CPU.Build.0 = Release|Any CPU
		{35877D4E-EA65-4639-A90E-016C4C2D6A83}.Debug|Any CPU.ActiveCfg = Debug|Any CPU
		{35877D4E-EA65-4639-A90E-016C4C2D6A83}.Debug|Any CPU.Build.0 = Debug|Any CPU
		{35877D4E-EA65-4639-A90E-016C4C2D6A83}.Release|Any CPU.ActiveCfg = Release|Any CPU
		{35877D4E-EA65-4639-A90E-016C4C2D6A83}.Release|Any CPU.Build.0 = Release|Any CPU
		{1156EF2E-BC9A-40D9-9F13-8CFD3CBF8795}.Debug|Any CPU.ActiveCfg = Debug|Any CPU
		{1156EF2E-BC9A-40D9-9F13-8CFD3CBF8795}.Debug|Any CPU.Build.0 = Debug|Any CPU
		{1156EF2E-BC9A-40D9-9F13-8CFD3CBF8795}.Release|Any CPU.ActiveCfg = Release|Any CPU
		{1156EF2E-BC9A-40D9-9F13-8CFD3CBF8795}.Release|Any CPU.Build.0 = Release|Any CPU
		{A5D340E7-C99F-4BB3-83FE-F8E57E069301}.Debug|Any CPU.ActiveCfg = Debug|Any CPU
		{A5D340E7-C99F-4BB3-83FE-F8E57E069301}.Debug|Any CPU.Build.0 = Debug|Any CPU
		{A5D340E7-C99F-4BB3-83FE-F8E57E069301}.Release|Any CPU.ActiveCfg = Release|Any CPU
		{A5D340E7-C99F-4BB3-83FE-F8E57E069301}.Release|Any CPU.Build.0 = Release|Any CPU
		{F587672F-F826-43DC-B519-096141C94B72}.Debug|Any CPU.ActiveCfg = Debug|Any CPU
		{F587672F-F826-43DC-B519-096141C94B72}.Debug|Any CPU.Build.0 = Debug|Any CPU
		{F587672F-F826-43DC-B519-096141C94B72}.Release|Any CPU.ActiveCfg = Release|Any CPU
		{F587672F-F826-43DC-B519-096141C94B72}.Release|Any CPU.Build.0 = Release|Any CPU
		{41664416-3887-448F-9A27-7CFFB8720124}.Debug|Any CPU.ActiveCfg = Debug|Any CPU
		{41664416-3887-448F-9A27-7CFFB8720124}.Debug|Any CPU.Build.0 = Debug|Any CPU
		{41664416-3887-448F-9A27-7CFFB8720124}.Release|Any CPU.ActiveCfg = Release|Any CPU
		{41664416-3887-448F-9A27-7CFFB8720124}.Release|Any CPU.Build.0 = Release|Any CPU
		{A7423280-08B6-4CED-8228-EC3B0E93D419}.Debug|Any CPU.ActiveCfg = Debug|Any CPU
		{A7423280-08B6-4CED-8228-EC3B0E93D419}.Debug|Any CPU.Build.0 = Debug|Any CPU
		{A7423280-08B6-4CED-8228-EC3B0E93D419}.Release|Any CPU.ActiveCfg = Release|Any CPU
		{A7423280-08B6-4CED-8228-EC3B0E93D419}.Release|Any CPU.Build.0 = Release|Any CPU
		{9FF3F23B-191B-4FB0-85FF-22D39E565228}.Debug|Any CPU.ActiveCfg = Debug|Any CPU
		{9FF3F23B-191B-4FB0-85FF-22D39E565228}.Debug|Any CPU.Build.0 = Debug|Any CPU
		{9FF3F23B-191B-4FB0-85FF-22D39E565228}.Release|Any CPU.ActiveCfg = Release|Any CPU
		{9FF3F23B-191B-4FB0-85FF-22D39E565228}.Release|Any CPU.Build.0 = Release|Any CPU
		{75745E62-BA09-4D90-BFBD-53A2C5FBFF17}.Debug|Any CPU.ActiveCfg = Debug|Any CPU
		{75745E62-BA09-4D90-BFBD-53A2C5FBFF17}.Debug|Any CPU.Build.0 = Debug|Any CPU
		{75745E62-BA09-4D90-BFBD-53A2C5FBFF17}.Release|Any CPU.ActiveCfg = Release|Any CPU
		{75745E62-BA09-4D90-BFBD-53A2C5FBFF17}.Release|Any CPU.Build.0 = Release|Any CPU
		{2FA55160-26E0-4B1D-BFF9-285C8F4E0EAB}.Debug|Any CPU.ActiveCfg = Debug|Any CPU
		{2FA55160-26E0-4B1D-BFF9-285C8F4E0EAB}.Debug|Any CPU.Build.0 = Debug|Any CPU
		{2FA55160-26E0-4B1D-BFF9-285C8F4E0EAB}.Release|Any CPU.ActiveCfg = Release|Any CPU
		{2FA55160-26E0-4B1D-BFF9-285C8F4E0EAB}.Release|Any CPU.Build.0 = Release|Any CPU
		{A9BD2D5A-2202-4E5F-A1CD-AA0BC5B4A6A0}.Debug|Any CPU.ActiveCfg = Debug|Any CPU
		{A9BD2D5A-2202-4E5F-A1CD-AA0BC5B4A6A0}.Debug|Any CPU.Build.0 = Debug|Any CPU
		{A9BD2D5A-2202-4E5F-A1CD-AA0BC5B4A6A0}.Release|Any CPU.ActiveCfg = Release|Any CPU
		{A9BD2D5A-2202-4E5F-A1CD-AA0BC5B4A6A0}.Release|Any CPU.Build.0 = Release|Any CPU
		{50E1EC76-53FF-4D0E-88A3-2EE225E9BE4E}.Debug|Any CPU.ActiveCfg = Debug|Any CPU
		{50E1EC76-53FF-4D0E-88A3-2EE225E9BE4E}.Debug|Any CPU.Build.0 = Debug|Any CPU
		{50E1EC76-53FF-4D0E-88A3-2EE225E9BE4E}.Release|Any CPU.ActiveCfg = Release|Any CPU
		{50E1EC76-53FF-4D0E-88A3-2EE225E9BE4E}.Release|Any CPU.Build.0 = Release|Any CPU
		{591AB76C-3C32-4D63-B2E6-1BECAE6A26AC}.Debug|Any CPU.ActiveCfg = Debug|Any CPU
		{591AB76C-3C32-4D63-B2E6-1BECAE6A26AC}.Debug|Any CPU.Build.0 = Debug|Any CPU
		{591AB76C-3C32-4D63-B2E6-1BECAE6A26AC}.Release|Any CPU.ActiveCfg = Release|Any CPU
		{591AB76C-3C32-4D63-B2E6-1BECAE6A26AC}.Release|Any CPU.Build.0 = Release|Any CPU
		{9BA6897E-7E34-4E5F-8EE5-E614134B0A03}.Debug|Any CPU.ActiveCfg = Debug|Any CPU
		{9BA6897E-7E34-4E5F-8EE5-E614134B0A03}.Debug|Any CPU.Build.0 = Debug|Any CPU
		{9BA6897E-7E34-4E5F-8EE5-E614134B0A03}.Release|Any CPU.ActiveCfg = Release|Any CPU
		{9BA6897E-7E34-4E5F-8EE5-E614134B0A03}.Release|Any CPU.Build.0 = Release|Any CPU
		{6B4FF1CB-BD26-4131-9E8C-0E7C6B09BB18}.Debug|Any CPU.ActiveCfg = Debug|Any CPU
		{6B4FF1CB-BD26-4131-9E8C-0E7C6B09BB18}.Debug|Any CPU.Build.0 = Debug|Any CPU
		{6B4FF1CB-BD26-4131-9E8C-0E7C6B09BB18}.Release|Any CPU.ActiveCfg = Release|Any CPU
		{6B4FF1CB-BD26-4131-9E8C-0E7C6B09BB18}.Release|Any CPU.Build.0 = Release|Any CPU
		{6BC7077B-63E6-4709-9756-AD9DDE3DB14C}.Debug|Any CPU.ActiveCfg = Debug|Any CPU
		{6BC7077B-63E6-4709-9756-AD9DDE3DB14C}.Debug|Any CPU.Build.0 = Debug|Any CPU
		{6BC7077B-63E6-4709-9756-AD9DDE3DB14C}.Release|Any CPU.ActiveCfg = Release|Any CPU
		{6BC7077B-63E6-4709-9756-AD9DDE3DB14C}.Release|Any CPU.Build.0 = Release|Any CPU
		{9528FE91-9E03-4207-94B7-993FC3A2998C}.Debug|Any CPU.ActiveCfg = Debug|Any CPU
		{9528FE91-9E03-4207-94B7-993FC3A2998C}.Debug|Any CPU.Build.0 = Debug|Any CPU
		{9528FE91-9E03-4207-94B7-993FC3A2998C}.Release|Any CPU.ActiveCfg = Release|Any CPU
		{9528FE91-9E03-4207-94B7-993FC3A2998C}.Release|Any CPU.Build.0 = Release|Any CPU
		{0449396A-AF3A-40F4-BFAE-689CD7AD0015}.Debug|Any CPU.ActiveCfg = Debug|Any CPU
		{0449396A-AF3A-40F4-BFAE-689CD7AD0015}.Debug|Any CPU.Build.0 = Debug|Any CPU
		{0449396A-AF3A-40F4-BFAE-689CD7AD0015}.Release|Any CPU.ActiveCfg = Release|Any CPU
		{0449396A-AF3A-40F4-BFAE-689CD7AD0015}.Release|Any CPU.Build.0 = Release|Any CPU
		{9579779F-D213-4C85-ADC3-5CA5269B3A7A}.Debug|Any CPU.ActiveCfg = Debug|Any CPU
		{9579779F-D213-4C85-ADC3-5CA5269B3A7A}.Debug|Any CPU.Build.0 = Debug|Any CPU
		{9579779F-D213-4C85-ADC3-5CA5269B3A7A}.Release|Any CPU.ActiveCfg = Release|Any CPU
		{9579779F-D213-4C85-ADC3-5CA5269B3A7A}.Release|Any CPU.Build.0 = Release|Any CPU
		{58CFDF33-C3D5-4740-A16E-21066FEB62CD}.Debug|Any CPU.ActiveCfg = Debug|Any CPU
		{58CFDF33-C3D5-4740-A16E-21066FEB62CD}.Debug|Any CPU.Build.0 = Debug|Any CPU
		{58CFDF33-C3D5-4740-A16E-21066FEB62CD}.Release|Any CPU.ActiveCfg = Release|Any CPU
		{58CFDF33-C3D5-4740-A16E-21066FEB62CD}.Release|Any CPU.Build.0 = Release|Any CPU
		{53831F8C-3DC6-43AD-8D47-ABEE0D0B85B9}.Debug|Any CPU.ActiveCfg = Debug|Any CPU
		{53831F8C-3DC6-43AD-8D47-ABEE0D0B85B9}.Debug|Any CPU.Build.0 = Debug|Any CPU
		{53831F8C-3DC6-43AD-8D47-ABEE0D0B85B9}.Release|Any CPU.ActiveCfg = Release|Any CPU
		{53831F8C-3DC6-43AD-8D47-ABEE0D0B85B9}.Release|Any CPU.Build.0 = Release|Any CPU
		{425B35B2-8B38-4C45-A434-592E880592CC}.Debug|Any CPU.ActiveCfg = Debug|Any CPU
		{425B35B2-8B38-4C45-A434-592E880592CC}.Debug|Any CPU.Build.0 = Debug|Any CPU
		{425B35B2-8B38-4C45-A434-592E880592CC}.Release|Any CPU.ActiveCfg = Release|Any CPU
		{425B35B2-8B38-4C45-A434-592E880592CC}.Release|Any CPU.Build.0 = Release|Any CPU
		{94699064-0C93-489B-A630-DB1B08D5CA09}.Debug|Any CPU.ActiveCfg = Debug|Any CPU
		{94699064-0C93-489B-A630-DB1B08D5CA09}.Debug|Any CPU.Build.0 = Debug|Any CPU
		{94699064-0C93-489B-A630-DB1B08D5CA09}.Release|Any CPU.ActiveCfg = Release|Any CPU
		{94699064-0C93-489B-A630-DB1B08D5CA09}.Release|Any CPU.Build.0 = Release|Any CPU
		{D5F6D3BC-FB24-4D02-ABD8-BC9F71A952F6}.Debug|Any CPU.ActiveCfg = Debug|Any CPU
		{D5F6D3BC-FB24-4D02-ABD8-BC9F71A952F6}.Debug|Any CPU.Build.0 = Debug|Any CPU
		{D5F6D3BC-FB24-4D02-ABD8-BC9F71A952F6}.Release|Any CPU.ActiveCfg = Release|Any CPU
		{D5F6D3BC-FB24-4D02-ABD8-BC9F71A952F6}.Release|Any CPU.Build.0 = Release|Any CPU
		{D882E904-026F-46E0-9FBB-785F8D2CAD78}.Debug|Any CPU.ActiveCfg = Debug|Any CPU
		{D882E904-026F-46E0-9FBB-785F8D2CAD78}.Debug|Any CPU.Build.0 = Debug|Any CPU
		{D882E904-026F-46E0-9FBB-785F8D2CAD78}.Release|Any CPU.ActiveCfg = Release|Any CPU
		{D882E904-026F-46E0-9FBB-785F8D2CAD78}.Release|Any CPU.Build.0 = Release|Any CPU
		{B78DEF96-DF69-40B6-B988-56351156C087}.Debug|Any CPU.ActiveCfg = Debug|Any CPU
		{B78DEF96-DF69-40B6-B988-56351156C087}.Debug|Any CPU.Build.0 = Debug|Any CPU
		{B78DEF96-DF69-40B6-B988-56351156C087}.Release|Any CPU.ActiveCfg = Release|Any CPU
		{B78DEF96-DF69-40B6-B988-56351156C087}.Release|Any CPU.Build.0 = Release|Any CPU
		{4C7B66D9-5856-4571-A41E-B59B17E2DFDB}.Debug|Any CPU.ActiveCfg = Debug|Any CPU
		{4C7B66D9-5856-4571-A41E-B59B17E2DFDB}.Debug|Any CPU.Build.0 = Debug|Any CPU
		{4C7B66D9-5856-4571-A41E-B59B17E2DFDB}.Release|Any CPU.ActiveCfg = Release|Any CPU
		{4C7B66D9-5856-4571-A41E-B59B17E2DFDB}.Release|Any CPU.Build.0 = Release|Any CPU
		{57EFAF83-1583-4A53-B420-6AB78A9BDDA9}.Debug|Any CPU.ActiveCfg = Debug|Any CPU
		{57EFAF83-1583-4A53-B420-6AB78A9BDDA9}.Debug|Any CPU.Build.0 = Debug|Any CPU
		{57EFAF83-1583-4A53-B420-6AB78A9BDDA9}.Release|Any CPU.ActiveCfg = Release|Any CPU
		{57EFAF83-1583-4A53-B420-6AB78A9BDDA9}.Release|Any CPU.Build.0 = Release|Any CPU
		{60429089-6297-4DFF-8677-5A9CF530F38F}.Debug|Any CPU.ActiveCfg = Debug|Any CPU
		{60429089-6297-4DFF-8677-5A9CF530F38F}.Debug|Any CPU.Build.0 = Debug|Any CPU
		{60429089-6297-4DFF-8677-5A9CF530F38F}.Release|Any CPU.ActiveCfg = Release|Any CPU
		{60429089-6297-4DFF-8677-5A9CF530F38F}.Release|Any CPU.Build.0 = Release|Any CPU
		{00372D65-BE85-4ABF-8566-B4CAD8F5699A}.Debug|Any CPU.ActiveCfg = Debug|Any CPU
		{00372D65-BE85-4ABF-8566-B4CAD8F5699A}.Debug|Any CPU.Build.0 = Debug|Any CPU
		{00372D65-BE85-4ABF-8566-B4CAD8F5699A}.Release|Any CPU.ActiveCfg = Release|Any CPU
		{00372D65-BE85-4ABF-8566-B4CAD8F5699A}.Release|Any CPU.Build.0 = Release|Any CPU
		{D4C57EF7-6F9A-4DE4-99C6-7B0819C11550}.Debug|Any CPU.ActiveCfg = Debug|Any CPU
		{D4C57EF7-6F9A-4DE4-99C6-7B0819C11550}.Debug|Any CPU.Build.0 = Debug|Any CPU
		{D4C57EF7-6F9A-4DE4-99C6-7B0819C11550}.Release|Any CPU.ActiveCfg = Release|Any CPU
		{D4C57EF7-6F9A-4DE4-99C6-7B0819C11550}.Release|Any CPU.Build.0 = Release|Any CPU
	EndGlobalSection
	GlobalSection(SolutionProperties) = preSolution
		HideSolutionNode = FALSE
	EndGlobalSection
	GlobalSection(ExtensibilityGlobals) = postSolution
		SolutionGuid = {DDCCD32B-4C0A-40C8-9657-C48F66DF308F}
	EndGlobalSection
EndGlobal
